// !$*UTF8*$!
{
	archiveVersion = 1;
	classes = {
	};
	objectVersion = 50;
	objects = {

/* Begin PBXBuildFile section */
		85331B452556AE560039D385 /* AppDelegate.swift in Sources */ = {isa = PBXBuildFile; fileRef = 85331B442556AE560039D385 /* AppDelegate.swift */; };
		85331B472556AE560039D385 /* SceneDelegate.swift in Sources */ = {isa = PBXBuildFile; fileRef = 85331B462556AE560039D385 /* SceneDelegate.swift */; };
		85331B492556AE560039D385 /* ViewController.swift in Sources */ = {isa = PBXBuildFile; fileRef = 85331B482556AE560039D385 /* ViewController.swift */; };
		85331B4C2556AE560039D385 /* Main.storyboard in Resources */ = {isa = PBXBuildFile; fileRef = 85331B4A2556AE560039D385 /* Main.storyboard */; };
		85331B4E2556AE5D0039D385 /* Assets.xcassets in Resources */ = {isa = PBXBuildFile; fileRef = 85331B4D2556AE5D0039D385 /* Assets.xcassets */; };
		85331B512556AE5D0039D385 /* LaunchScreen.storyboard in Resources */ = {isa = PBXBuildFile; fileRef = 85331B4F2556AE5D0039D385 /* LaunchScreen.storyboard */; };
		85331B5C2556AE5D0039D385 /* Subtitle__v6_0Tests.swift in Sources */ = {isa = PBXBuildFile; fileRef = 85331B5B2556AE5D0039D385 /* Subtitle__v6_0Tests.swift */; };
		85331B672556AE5E0039D385 /* Subtitle__v6_0UITests.swift in Sources */ = {isa = PBXBuildFile; fileRef = 85331B662556AE5E0039D385 /* Subtitle__v6_0UITests.swift */; };
/* End PBXBuildFile section */

/* Begin PBXContainerItemProxy section */
		85331B582556AE5D0039D385 /* PBXContainerItemProxy */ = {
			isa = PBXContainerItemProxy;
			containerPortal = 85331B392556AE560039D385 /* Project object */;
			proxyType = 1;
			remoteGlobalIDString = 85331B402556AE560039D385;
			remoteInfo = "Subtitle _v6.0";
		};
		85331B632556AE5E0039D385 /* PBXContainerItemProxy */ = {
			isa = PBXContainerItemProxy;
			containerPortal = 85331B392556AE560039D385 /* Project object */;
			proxyType = 1;
			remoteGlobalIDString = 85331B402556AE560039D385;
			remoteInfo = "Subtitle _v6.0";
		};
/* End PBXContainerItemProxy section */

/* Begin PBXFileReference section */
		85331B412556AE560039D385 /* Subtitle _v6.0.app */ = {isa = PBXFileReference; explicitFileType = wrapper.application; includeInIndex = 0; path = "Subtitle _v6.0.app"; sourceTree = BUILT_PRODUCTS_DIR; };
		85331B442556AE560039D385 /* AppDelegate.swift */ = {isa = PBXFileReference; lastKnownFileType = sourcecode.swift; path = AppDelegate.swift; sourceTree = "<group>"; };
		85331B462556AE560039D385 /* SceneDelegate.swift */ = {isa = PBXFileReference; lastKnownFileType = sourcecode.swift; path = SceneDelegate.swift; sourceTree = "<group>"; };
		85331B482556AE560039D385 /* ViewController.swift */ = {isa = PBXFileReference; lastKnownFileType = sourcecode.swift; path = ViewController.swift; sourceTree = "<group>"; };
		85331B4B2556AE560039D385 /* Base */ = {isa = PBXFileReference; lastKnownFileType = file.storyboard; name = Base; path = Base.lproj/Main.storyboard; sourceTree = "<group>"; };
		85331B4D2556AE5D0039D385 /* Assets.xcassets */ = {isa = PBXFileReference; lastKnownFileType = folder.assetcatalog; path = Assets.xcassets; sourceTree = "<group>"; };
		85331B502556AE5D0039D385 /* Base */ = {isa = PBXFileReference; lastKnownFileType = file.storyboard; name = Base; path = Base.lproj/LaunchScreen.storyboard; sourceTree = "<group>"; };
		85331B522556AE5D0039D385 /* Info.plist */ = {isa = PBXFileReference; lastKnownFileType = text.plist.xml; path = Info.plist; sourceTree = "<group>"; };
		85331B572556AE5D0039D385 /* Subtitle _v6.0Tests.xctest */ = {isa = PBXFileReference; explicitFileType = wrapper.cfbundle; includeInIndex = 0; path = "Subtitle _v6.0Tests.xctest"; sourceTree = BUILT_PRODUCTS_DIR; };
		85331B5B2556AE5D0039D385 /* Subtitle__v6_0Tests.swift */ = {isa = PBXFileReference; lastKnownFileType = sourcecode.swift; path = Subtitle__v6_0Tests.swift; sourceTree = "<group>"; };
		85331B5D2556AE5D0039D385 /* Info.plist */ = {isa = PBXFileReference; lastKnownFileType = text.plist.xml; path = Info.plist; sourceTree = "<group>"; };
		85331B622556AE5E0039D385 /* Subtitle _v6.0UITests.xctest */ = {isa = PBXFileReference; explicitFileType = wrapper.cfbundle; includeInIndex = 0; path = "Subtitle _v6.0UITests.xctest"; sourceTree = BUILT_PRODUCTS_DIR; };
		85331B662556AE5E0039D385 /* Subtitle__v6_0UITests.swift */ = {isa = PBXFileReference; lastKnownFileType = sourcecode.swift; path = Subtitle__v6_0UITests.swift; sourceTree = "<group>"; };
		85331B682556AE5E0039D385 /* Info.plist */ = {isa = PBXFileReference; lastKnownFileType = text.plist.xml; path = Info.plist; sourceTree = "<group>"; };
		85331B772556AE6B0039D385 /* Subtitle _v6.0.entitlements */ = {isa = PBXFileReference; lastKnownFileType = text.plist.entitlements; path = "Subtitle _v6.0.entitlements"; sourceTree = "<group>"; };
/* End PBXFileReference section */

/* Begin PBXFrameworksBuildPhase section */
		85331B3E2556AE560039D385 /* Frameworks */ = {
			isa = PBXFrameworksBuildPhase;
			buildActionMask = 2147483647;
			files = (
			);
			runOnlyForDeploymentPostprocessing = 0;
		};
		85331B542556AE5D0039D385 /* Frameworks */ = {
			isa = PBXFrameworksBuildPhase;
			buildActionMask = 2147483647;
			files = (
			);
			runOnlyForDeploymentPostprocessing = 0;
		};
		85331B5F2556AE5D0039D385 /* Frameworks */ = {
			isa = PBXFrameworksBuildPhase;
			buildActionMask = 2147483647;
			files = (
			);
			runOnlyForDeploymentPostprocessing = 0;
		};
/* End PBXFrameworksBuildPhase section */

/* Begin PBXGroup section */
		85331B382556AE560039D385 = {
			isa = PBXGroup;
			children = (
				85331B432556AE560039D385 /* Subtitle _v6.0 */,
				85331B5A2556AE5D0039D385 /* Subtitle _v6.0Tests */,
				85331B652556AE5E0039D385 /* Subtitle _v6.0UITests */,
				85331B422556AE560039D385 /* Products */,
			);
			sourceTree = "<group>";
		};
		85331B422556AE560039D385 /* Products */ = {
			isa = PBXGroup;
			children = (
				85331B412556AE560039D385 /* Subtitle _v6.0.app */,
				85331B572556AE5D0039D385 /* Subtitle _v6.0Tests.xctest */,
				85331B622556AE5E0039D385 /* Subtitle _v6.0UITests.xctest */,
			);
			name = Products;
			sourceTree = "<group>";
		};
		85331B432556AE560039D385 /* Subtitle _v6.0 */ = {
			isa = PBXGroup;
			children = (
				85331B4A2556AE560039D385 /* Main.storyboard */,
				85331B482556AE560039D385 /* ViewController.swift */,
				85331B7B2556B8470039D385 /* Model */,
				85331B7C2556B8560039D385 /* View */,
				85331B7D2556B8790039D385 /* Controller */,
				85331B772556AE6B0039D385 /* Subtitle _v6.0.entitlements */,
				85331B442556AE560039D385 /* AppDelegate.swift */,
				85331B462556AE560039D385 /* SceneDelegate.swift */,
				85331B4D2556AE5D0039D385 /* Assets.xcassets */,
				85331B4F2556AE5D0039D385 /* LaunchScreen.storyboard */,
				85331B522556AE5D0039D385 /* Info.plist */,
			);
			path = "Subtitle _v6.0";
			sourceTree = "<group>";
		};
		85331B5A2556AE5D0039D385 /* Subtitle _v6.0Tests */ = {
			isa = PBXGroup;
			children = (
				85331B5B2556AE5D0039D385 /* Subtitle__v6_0Tests.swift */,
				85331B5D2556AE5D0039D385 /* Info.plist */,
			);
			path = "Subtitle _v6.0Tests";
			sourceTree = "<group>";
		};
		85331B652556AE5E0039D385 /* Subtitle _v6.0UITests */ = {
			isa = PBXGroup;
			children = (
				85331B662556AE5E0039D385 /* Subtitle__v6_0UITests.swift */,
				85331B682556AE5E0039D385 /* Info.plist */,
			);
			path = "Subtitle _v6.0UITests";
			sourceTree = "<group>";
		};
		85331B7B2556B8470039D385 /* Model */ = {
			isa = PBXGroup;
			children = (
			);
			path = Model;
			sourceTree = "<group>";
		};
		85331B7C2556B8560039D385 /* View */ = {
			isa = PBXGroup;
			children = (
			);
			path = View;
			sourceTree = "<group>";
		};
		85331B7D2556B8790039D385 /* Controller */ = {
			isa = PBXGroup;
			children = (
			);
			path = Controller;
			sourceTree = "<group>";
		};
/* End PBXGroup section */

/* Begin PBXNativeTarget section */
		85331B402556AE560039D385 /* Subtitle _v6.0 */ = {
			isa = PBXNativeTarget;
			buildConfigurationList = 85331B6B2556AE5E0039D385 /* Build configuration list for PBXNativeTarget "Subtitle _v6.0" */;
			buildPhases = (
				85331B3D2556AE560039D385 /* Sources */,
				85331B3E2556AE560039D385 /* Frameworks */,
				85331B3F2556AE560039D385 /* Resources */,
			);
			buildRules = (
			);
			dependencies = (
			);
			name = "Subtitle _v6.0";
			productName = "Subtitle _v6.0";
			productReference = 85331B412556AE560039D385 /* Subtitle _v6.0.app */;
			productType = "com.apple.product-type.application";
		};
		85331B562556AE5D0039D385 /* Subtitle _v6.0Tests */ = {
			isa = PBXNativeTarget;
			buildConfigurationList = 85331B6E2556AE5E0039D385 /* Build configuration list for PBXNativeTarget "Subtitle _v6.0Tests" */;
			buildPhases = (
				85331B532556AE5D0039D385 /* Sources */,
				85331B542556AE5D0039D385 /* Frameworks */,
				85331B552556AE5D0039D385 /* Resources */,
			);
			buildRules = (
			);
			dependencies = (
				85331B592556AE5D0039D385 /* PBXTargetDependency */,
			);
			name = "Subtitle _v6.0Tests";
			productName = "Subtitle _v6.0Tests";
			productReference = 85331B572556AE5D0039D385 /* Subtitle _v6.0Tests.xctest */;
			productType = "com.apple.product-type.bundle.unit-test";
		};
		85331B612556AE5D0039D385 /* Subtitle _v6.0UITests */ = {
			isa = PBXNativeTarget;
			buildConfigurationList = 85331B712556AE5E0039D385 /* Build configuration list for PBXNativeTarget "Subtitle _v6.0UITests" */;
			buildPhases = (
				85331B5E2556AE5D0039D385 /* Sources */,
				85331B5F2556AE5D0039D385 /* Frameworks */,
				85331B602556AE5D0039D385 /* Resources */,
			);
			buildRules = (
			);
			dependencies = (
				85331B642556AE5E0039D385 /* PBXTargetDependency */,
			);
			name = "Subtitle _v6.0UITests";
			productName = "Subtitle _v6.0UITests";
			productReference = 85331B622556AE5E0039D385 /* Subtitle _v6.0UITests.xctest */;
			productType = "com.apple.product-type.bundle.ui-testing";
		};
/* End PBXNativeTarget section */

/* Begin PBXProject section */
		85331B392556AE560039D385 /* Project object */ = {
			isa = PBXProject;
			attributes = {
				LastSwiftUpdateCheck = 1210;
				LastUpgradeCheck = 1210;
				TargetAttributes = {
					85331B402556AE560039D385 = {
						CreatedOnToolsVersion = 12.1;
					};
					85331B562556AE5D0039D385 = {
						CreatedOnToolsVersion = 12.1;
						TestTargetID = 85331B402556AE560039D385;
					};
					85331B612556AE5D0039D385 = {
						CreatedOnToolsVersion = 12.1;
						TestTargetID = 85331B402556AE560039D385;
					};
				};
			};
			buildConfigurationList = 85331B3C2556AE560039D385 /* Build configuration list for PBXProject "Subtitle _v6.0" */;
			compatibilityVersion = "Xcode 9.3";
			developmentRegion = en;
			hasScannedForEncodings = 0;
			knownRegions = (
				en,
				Base,
			);
			mainGroup = 85331B382556AE560039D385;
			productRefGroup = 85331B422556AE560039D385 /* Products */;
			projectDirPath = "";
			projectRoot = "";
			targets = (
				85331B402556AE560039D385 /* Subtitle _v6.0 */,
				85331B562556AE5D0039D385 /* Subtitle _v6.0Tests */,
				85331B612556AE5D0039D385 /* Subtitle _v6.0UITests */,
			);
		};
/* End PBXProject section */

/* Begin PBXResourcesBuildPhase section */
		85331B3F2556AE560039D385 /* Resources */ = {
			isa = PBXResourcesBuildPhase;
			buildActionMask = 2147483647;
			files = (
				85331B512556AE5D0039D385 /* LaunchScreen.storyboard in Resources */,
				85331B4E2556AE5D0039D385 /* Assets.xcassets in Resources */,
				85331B4C2556AE560039D385 /* Main.storyboard in Resources */,
			);
			runOnlyForDeploymentPostprocessing = 0;
		};
		85331B552556AE5D0039D385 /* Resources */ = {
			isa = PBXResourcesBuildPhase;
			buildActionMask = 2147483647;
			files = (
			);
			runOnlyForDeploymentPostprocessing = 0;
		};
		85331B602556AE5D0039D385 /* Resources */ = {
			isa = PBXResourcesBuildPhase;
			buildActionMask = 2147483647;
			files = (
			);
			runOnlyForDeploymentPostprocessing = 0;
		};
/* End PBXResourcesBuildPhase section */

/* Begin PBXSourcesBuildPhase section */
		85331B3D2556AE560039D385 /* Sources */ = {
			isa = PBXSourcesBuildPhase;
			buildActionMask = 2147483647;
			files = (
				85331B492556AE560039D385 /* ViewController.swift in Sources */,
				85331B452556AE560039D385 /* AppDelegate.swift in Sources */,
				85331B472556AE560039D385 /* SceneDelegate.swift in Sources */,
			);
			runOnlyForDeploymentPostprocessing = 0;
		};
		85331B532556AE5D0039D385 /* Sources */ = {
			isa = PBXSourcesBuildPhase;
			buildActionMask = 2147483647;
			files = (
				85331B5C2556AE5D0039D385 /* Subtitle__v6_0Tests.swift in Sources */,
			);
			runOnlyForDeploymentPostprocessing = 0;
		};
		85331B5E2556AE5D0039D385 /* Sources */ = {
			isa = PBXSourcesBuildPhase;
			buildActionMask = 2147483647;
			files = (
				85331B672556AE5E0039D385 /* Subtitle__v6_0UITests.swift in Sources */,
			);
			runOnlyForDeploymentPostprocessing = 0;
		};
/* End PBXSourcesBuildPhase section */

/* Begin PBXTargetDependency section */
		85331B592556AE5D0039D385 /* PBXTargetDependency */ = {
			isa = PBXTargetDependency;
			target = 85331B402556AE560039D385 /* Subtitle _v6.0 */;
			targetProxy = 85331B582556AE5D0039D385 /* PBXContainerItemProxy */;
		};
		85331B642556AE5E0039D385 /* PBXTargetDependency */ = {
			isa = PBXTargetDependency;
			target = 85331B402556AE560039D385 /* Subtitle _v6.0 */;
			targetProxy = 85331B632556AE5E0039D385 /* PBXContainerItemProxy */;
		};
/* End PBXTargetDependency section */

/* Begin PBXVariantGroup section */
		85331B4A2556AE560039D385 /* Main.storyboard */ = {
			isa = PBXVariantGroup;
			children = (
				85331B4B2556AE560039D385 /* Base */,
			);
			name = Main.storyboard;
			sourceTree = "<group>";
		};
		85331B4F2556AE5D0039D385 /* LaunchScreen.storyboard */ = {
			isa = PBXVariantGroup;
			children = (
				85331B502556AE5D0039D385 /* Base */,
			);
			name = LaunchScreen.storyboard;
			sourceTree = "<group>";
		};
/* End PBXVariantGroup section */

/* Begin XCBuildConfiguration section */
		85331B692556AE5E0039D385 /* Debug */ = {
			isa = XCBuildConfiguration;
			buildSettings = {
				ALWAYS_SEARCH_USER_PATHS = NO;
				CLANG_ANALYZER_NONNULL = YES;
				CLANG_ANALYZER_NUMBER_OBJECT_CONVERSION = YES_AGGRESSIVE;
				CLANG_CXX_LANGUAGE_STANDARD = "gnu++14";
				CLANG_CXX_LIBRARY = "libc++";
				CLANG_ENABLE_MODULES = YES;
				CLANG_ENABLE_OBJC_ARC = YES;
				CLANG_ENABLE_OBJC_WEAK = YES;
				CLANG_WARN_BLOCK_CAPTURE_AUTORELEASING = YES;
				CLANG_WARN_BOOL_CONVERSION = YES;
				CLANG_WARN_COMMA = YES;
				CLANG_WARN_CONSTANT_CONVERSION = YES;
				CLANG_WARN_DEPRECATED_OBJC_IMPLEMENTATIONS = YES;
				CLANG_WARN_DIRECT_OBJC_ISA_USAGE = YES_ERROR;
				CLANG_WARN_DOCUMENTATION_COMMENTS = YES;
				CLANG_WARN_EMPTY_BODY = YES;
				CLANG_WARN_ENUM_CONVERSION = YES;
				CLANG_WARN_INFINITE_RECURSION = YES;
				CLANG_WARN_INT_CONVERSION = YES;
				CLANG_WARN_NON_LITERAL_NULL_CONVERSION = YES;
				CLANG_WARN_OBJC_IMPLICIT_RETAIN_SELF = YES;
				CLANG_WARN_OBJC_LITERAL_CONVERSION = YES;
				CLANG_WARN_OBJC_ROOT_CLASS = YES_ERROR;
				CLANG_WARN_QUOTED_INCLUDE_IN_FRAMEWORK_HEADER = YES;
				CLANG_WARN_RANGE_LOOP_ANALYSIS = YES;
				CLANG_WARN_STRICT_PROTOTYPES = YES;
				CLANG_WARN_SUSPICIOUS_MOVE = YES;
				CLANG_WARN_UNGUARDED_AVAILABILITY = YES_AGGRESSIVE;
				CLANG_WARN_UNREACHABLE_CODE = YES;
				CLANG_WARN__DUPLICATE_METHOD_MATCH = YES;
				COPY_PHASE_STRIP = NO;
				DEBUG_INFORMATION_FORMAT = dwarf;
				ENABLE_STRICT_OBJC_MSGSEND = YES;
				ENABLE_TESTABILITY = YES;
				GCC_C_LANGUAGE_STANDARD = gnu11;
				GCC_DYNAMIC_NO_PIC = NO;
				GCC_NO_COMMON_BLOCKS = YES;
				GCC_OPTIMIZATION_LEVEL = 0;
				GCC_PREPROCESSOR_DEFINITIONS = (
					"DEBUG=1",
					"$(inherited)",
				);
				GCC_WARN_64_TO_32_BIT_CONVERSION = YES;
				GCC_WARN_ABOUT_RETURN_TYPE = YES_ERROR;
				GCC_WARN_UNDECLARED_SELECTOR = YES;
				GCC_WARN_UNINITIALIZED_AUTOS = YES_AGGRESSIVE;
				GCC_WARN_UNUSED_FUNCTION = YES;
				GCC_WARN_UNUSED_VARIABLE = YES;
				IPHONEOS_DEPLOYMENT_TARGET = 14.1;
				MTL_ENABLE_DEBUG_INFO = INCLUDE_SOURCE;
				MTL_FAST_MATH = YES;
				ONLY_ACTIVE_ARCH = YES;
				SDKROOT = iphoneos;
				SWIFT_ACTIVE_COMPILATION_CONDITIONS = DEBUG;
				SWIFT_OPTIMIZATION_LEVEL = "-Onone";
			};
			name = Debug;
		};
		85331B6A2556AE5E0039D385 /* Release */ = {
			isa = XCBuildConfiguration;
			buildSettings = {
				ALWAYS_SEARCH_USER_PATHS = NO;
				CLANG_ANALYZER_NONNULL = YES;
				CLANG_ANALYZER_NUMBER_OBJECT_CONVERSION = YES_AGGRESSIVE;
				CLANG_CXX_LANGUAGE_STANDARD = "gnu++14";
				CLANG_CXX_LIBRARY = "libc++";
				CLANG_ENABLE_MODULES = YES;
				CLANG_ENABLE_OBJC_ARC = YES;
				CLANG_ENABLE_OBJC_WEAK = YES;
				CLANG_WARN_BLOCK_CAPTURE_AUTORELEASING = YES;
				CLANG_WARN_BOOL_CONVERSION = YES;
				CLANG_WARN_COMMA = YES;
				CLANG_WARN_CONSTANT_CONVERSION = YES;
				CLANG_WARN_DEPRECATED_OBJC_IMPLEMENTATIONS = YES;
				CLANG_WARN_DIRECT_OBJC_ISA_USAGE = YES_ERROR;
				CLANG_WARN_DOCUMENTATION_COMMENTS = YES;
				CLANG_WARN_EMPTY_BODY = YES;
				CLANG_WARN_ENUM_CONVERSION = YES;
				CLANG_WARN_INFINITE_RECURSION = YES;
				CLANG_WARN_INT_CONVERSION = YES;
				CLANG_WARN_NON_LITERAL_NULL_CONVERSION = YES;
				CLANG_WARN_OBJC_IMPLICIT_RETAIN_SELF = YES;
				CLANG_WARN_OBJC_LITERAL_CONVERSION = YES;
				CLANG_WARN_OBJC_ROOT_CLASS = YES_ERROR;
				CLANG_WARN_QUOTED_INCLUDE_IN_FRAMEWORK_HEADER = YES;
				CLANG_WARN_RANGE_LOOP_ANALYSIS = YES;
				CLANG_WARN_STRICT_PROTOTYPES = YES;
				CLANG_WARN_SUSPICIOUS_MOVE = YES;
				CLANG_WARN_UNGUARDED_AVAILABILITY = YES_AGGRESSIVE;
				CLANG_WARN_UNREACHABLE_CODE = YES;
				CLANG_WARN__DUPLICATE_METHOD_MATCH = YES;
				COPY_PHASE_STRIP = NO;
				DEBUG_INFORMATION_FORMAT = "dwarf-with-dsym";
				ENABLE_NS_ASSERTIONS = NO;
				ENABLE_STRICT_OBJC_MSGSEND = YES;
				GCC_C_LANGUAGE_STANDARD = gnu11;
				GCC_NO_COMMON_BLOCKS = YES;
				GCC_WARN_64_TO_32_BIT_CONVERSION = YES;
				GCC_WARN_ABOUT_RETURN_TYPE = YES_ERROR;
				GCC_WARN_UNDECLARED_SELECTOR = YES;
				GCC_WARN_UNINITIALIZED_AUTOS = YES_AGGRESSIVE;
				GCC_WARN_UNUSED_FUNCTION = YES;
				GCC_WARN_UNUSED_VARIABLE = YES;
				IPHONEOS_DEPLOYMENT_TARGET = 14.1;
				MTL_ENABLE_DEBUG_INFO = NO;
				MTL_FAST_MATH = YES;
				SDKROOT = iphoneos;
				SWIFT_COMPILATION_MODE = wholemodule;
				SWIFT_OPTIMIZATION_LEVEL = "-O";
				VALIDATE_PRODUCT = YES;
			};
			name = Release;
		};
		85331B6C2556AE5E0039D385 /* Debug */ = {
			isa = XCBuildConfiguration;
			buildSettings = {
				ASSETCATALOG_COMPILER_APPICON_NAME = AppIcon;
				ASSETCATALOG_COMPILER_GLOBAL_ACCENT_COLOR_NAME = AccentColor;
				CODE_SIGN_ENTITLEMENTS = "Subtitle _v6.0/Subtitle _v6.0.entitlements";
				CODE_SIGN_STYLE = Automatic;
				DEVELOPMENT_TEAM = 4LR58F43S2;
				INFOPLIST_FILE = "Subtitle _v6.0/Info.plist";
				LD_RUNPATH_SEARCH_PATHS = (
					"$(inherited)",
					"@executable_path/Frameworks",
				);
				PRODUCT_BUNDLE_IDENTIFIER = "lgl.2.Subtitle--v6-0";
				PRODUCT_NAME = "$(TARGET_NAME)";
				SUPPORTS_MACCATALYST = YES;
				SWIFT_VERSION = 5.0;
				TARGETED_DEVICE_FAMILY = "1,2";
			};
			name = Debug;
		};
		85331B6D2556AE5E0039D385 /* Release */ = {
			isa = XCBuildConfiguration;
			buildSettings = {
				ASSETCATALOG_COMPILER_APPICON_NAME = AppIcon;
				ASSETCATALOG_COMPILER_GLOBAL_ACCENT_COLOR_NAME = AccentColor;
				CODE_SIGN_ENTITLEMENTS = "Subtitle _v6.0/Subtitle _v6.0.entitlements";
				CODE_SIGN_STYLE = Automatic;
				DEVELOPMENT_TEAM = 4LR58F43S2;
				INFOPLIST_FILE = "Subtitle _v6.0/Info.plist";
				LD_RUNPATH_SEARCH_PATHS = (
					"$(inherited)",
					"@executable_path/Frameworks",
				);
				PRODUCT_BUNDLE_IDENTIFIER = "lgl.2.Subtitle--v6-0";
				PRODUCT_NAME = "$(TARGET_NAME)";
				SUPPORTS_MACCATALYST = YES;
				SWIFT_VERSION = 5.0;
				TARGETED_DEVICE_FAMILY = "1,2";
			};
			name = Release;
		};
		85331B6F2556AE5E0039D385 /* Debug */ = {
			isa = XCBuildConfiguration;
			buildSettings = {
				ALWAYS_EMBED_SWIFT_STANDARD_LIBRARIES = YES;
				BUNDLE_LOADER = "$(TEST_HOST)";
				CODE_SIGN_STYLE = Automatic;
				DEVELOPMENT_TEAM = 4LR58F43S2;
				INFOPLIST_FILE = "Subtitle _v6.0Tests/Info.plist";
				IPHONEOS_DEPLOYMENT_TARGET = 14.1;
				LD_RUNPATH_SEARCH_PATHS = (
					"$(inherited)",
					"@executable_path/Frameworks",
					"@loader_path/Frameworks",
				);
				PRODUCT_BUNDLE_IDENTIFIER = "lgl.2.Subtitle--v6-0Tests";
				PRODUCT_NAME = "$(TARGET_NAME)";
				SWIFT_VERSION = 5.0;
				TARGETED_DEVICE_FAMILY = "1,2";
				TEST_HOST = "$(BUILT_PRODUCTS_DIR)/Subtitle _v6.0.app/Subtitle _v6.0";
			};
			name = Debug;
		};
		85331B702556AE5E0039D385 /* Release */ = {
			isa = XCBuildConfiguration;
			buildSettings = {
				ALWAYS_EMBED_SWIFT_STANDARD_LIBRARIES = YES;
				BUNDLE_LOADER = "$(TEST_HOST)";
				CODE_SIGN_STYLE = Automatic;
				DEVELOPMENT_TEAM = 4LR58F43S2;
				INFOPLIST_FILE = "Subtitle _v6.0Tests/Info.plist";
				IPHONEOS_DEPLOYMENT_TARGET = 14.1;
				LD_RUNPATH_SEARCH_PATHS = (
					"$(inherited)",
					"@executable_path/Frameworks",
					"@loader_path/Frameworks",
				);
				PRODUCT_BUNDLE_IDENTIFIER = "lgl.2.Subtitle--v6-0Tests";
				PRODUCT_NAME = "$(TARGET_NAME)";
				SWIFT_VERSION = 5.0;
				TARGETED_DEVICE_FAMILY = "1,2";
				TEST_HOST = "$(BUILT_PRODUCTS_DIR)/Subtitle _v6.0.app/Subtitle _v6.0";
			};
			name = Release;
		};
		85331B722556AE5E0039D385 /* Debug */ = {
			isa = XCBuildConfiguration;
			buildSettings = {
				ALWAYS_EMBED_SWIFT_STANDARD_LIBRARIES = YES;
				CODE_SIGN_STYLE = Automatic;
				DEVELOPMENT_TEAM = 4LR58F43S2;
				INFOPLIST_FILE = "Subtitle _v6.0UITests/Info.plist";
				LD_RUNPATH_SEARCH_PATHS = (
					"$(inherited)",
					"@executable_path/Frameworks",
					"@loader_path/Frameworks",
				);
				PRODUCT_BUNDLE_IDENTIFIER = "lgl.2.Subtitle--v6-0UITests";
				PRODUCT_NAME = "$(TARGET_NAME)";
				SWIFT_VERSION = 5.0;
				TARGETED_DEVICE_FAMILY = "1,2";
				TEST_TARGET_NAME = "Subtitle _v6.0";
			};
			name = Debug;
		};
		85331B732556AE5E0039D385 /* Release */ = {
			isa = XCBuildConfiguration;
			buildSettings = {
				ALWAYS_EMBED_SWIFT_STANDARD_LIBRARIES = YES;
				CODE_SIGN_STYLE = Automatic;
				DEVELOPMENT_TEAM = 4LR58F43S2;
				INFOPLIST_FILE = "Subtitle _v6.0UITests/Info.plist";
				LD_RUNPATH_SEARCH_PATHS = (
					"$(inherited)",
					"@executable_path/Frameworks",
					"@loader_path/Frameworks",
				);
				PRODUCT_BUNDLE_IDENTIFIER = "lgl.2.Subtitle--v6-0UITests";
				PRODUCT_NAME = "$(TARGET_NAME)";
				SWIFT_VERSION = 5.0;
				TARGETED_DEVICE_FAMILY = "1,2";
				TEST_TARGET_NAME = "Subtitle _v6.0";
			};
			name = Release;
		};
/* End XCBuildConfiguration section */

/* Begin XCConfigurationList section */
		85331B3C2556AE560039D385 /* Build configuration list for PBXProject "Subtitle _v6.0" */ = {
			isa = XCConfigurationList;
			buildConfigurations = (
				85331B692556AE5E0039D385 /* Debug */,
				85331B6A2556AE5E0039D385 /* Release */,
			);
			defaultConfigurationIsVisible = 0;
			defaultConfigurationName = Release;
		};
		85331B6B2556AE5E0039D385 /* Build configuration list for PBXNativeTarget "Subtitle _v6.0" */ = {
			isa = XCConfigurationList;
			buildConfigurations = (
				85331B6C2556AE5E0039D385 /* Debug */,
				85331B6D2556AE5E0039D385 /* Release */,
			);
			defaultConfigurationIsVisible = 0;
			defaultConfigurationName = Release;
		};
		85331B6E2556AE5E0039D385 /* Build configuration list for PBXNativeTarget "Subtitle _v6.0Tests" */ = {
			isa = XCConfigurationList;
			buildConfigurations = (
				85331B6F2556AE5E0039D385 /* Debug */,
				85331B702556AE5E0039D385 /* Release */,
			);
			defaultConfigurationIsVisible = 0;
			defaultConfigurationName = Release;
		};
		85331B712556AE5E0039D385 /* Build configuration list for PBXNativeTarget "Subtitle _v6.0UITests" */ = {
			isa = XCConfigurationList;
			buildConfigurations = (
				85331B722556AE5E0039D385 /* Debug */,
				85331B732556AE5E0039D385 /* Release */,
			);
			defaultConfigurationIsVisible = 0;
			defaultConfigurationName = Release;
		};
/* End XCConfigurationList section */
	};
	rootObject = 85331B392556AE560039D385 /* Project object */;
}
